
Microsoft Visual Studio Solution File, Format Version 12.00
# Visual Studio 14
VisualStudioVersion = 14.0.23107.0
MinimumVisualStudioVersion = 10.0.40219.1
Project("{FAE04EC0-301F-11D3-BF4B-00C04F79EFBC}") = "DatabaseSimulator.Model", "DatabaseSimulator\DatabaseSimulator.Model.csproj", "{0DF94F81-BCEA-4B09-AEA3-2215474B95EA}"
EndProject
Project("{FAE04EC0-301F-11D3-BF4B-00C04F79EFBC}") = "DatabaseSimulator.Presentation", "DatabaseSimulator.Presentation\DatabaseSimulator.Presentation.csproj", "{43FA4B4B-2129-454A-A34C-373E41528B8B}"
EndProject
Project("{FAE04EC0-301F-11D3-BF4B-00C04F79EFBC}") = "DatabaseSimulator.Tests", "DatabaseSimulator.Tests\DatabaseSimulator.Tests.csproj", "{BA62BA87-6308-467D-B51B-36E88CBBE590}"
EndProject
Project("{FAE04EC0-301F-11D3-BF4B-00C04F79EFBC}") = "DatabaseSimulator.Entities", "DatabaseSimulator.Entities\DatabaseSimulator.Entities.csproj", "{FC88A981-1ADA-4F68-98F1-3E0877A1D134}"
EndProject
Global
	GlobalSection(SolutionConfigurationPlatforms) = preSolution
		Debug|Any CPU = Debug|Any CPU
		Release|Any CPU = Release|Any CPU
	EndGlobalSection
	GlobalSection(ProjectConfigurationPlatforms) = postSolution
		{0DF94F81-BCEA-4B09-AEA3-2215474B95EA}.Debug|Any CPU.ActiveCfg = Debug|Any CPU
		{0DF94F81-BCEA-4B09-AEA3-2215474B95EA}.Debug|Any CPU.Build.0 = Debug|Any CPU
		{0DF94F81-BCEA-4B09-AEA3-2215474B95EA}.Release|Any CPU.ActiveCfg = Release|Any CPU
		{0DF94F81-BCEA-4B09-AEA3-2215474B95EA}.Release|Any CPU.Build.0 = Release|Any CPU
		{43FA4B4B-2129-454A-A34C-373E41528B8B}.Debug|Any CPU.ActiveCfg = Debug|Any CPU
		{43FA4B4B-2129-454A-A34C-373E41528B8B}.Debug|Any CPU.Build.0 = Debug|Any CPU
		{43FA4B4B-2129-454A-A34C-373E41528B8B}.Release|Any CPU.ActiveCfg = Release|Any CPU
		{43FA4B4B-2129-454A-A34C-373E41528B8B}.Release|Any CPU.Build.0 = Release|Any CPU
		{BA62BA87-6308-467D-B51B-36E88CBBE590}.Debug|Any CPU.ActiveCfg = Debug|Any CPU
		{BA62BA87-6308-467D-B51B-36E88CBBE590}.Debug|Any CPU.Build.0 = Debug|Any CPU
		{BA62BA87-6308-467D-B51B-36E88CBBE590}.Release|Any CPU.ActiveCfg = Release|Any CPU
		{BA62BA87-6308-467D-B51B-36E88CBBE590}.Release|Any CPU.Build.0 = Release|Any CPU
		{FC88A981-1ADA-4F68-98F1-3E0877A1D134}.Debug|Any CPU.ActiveCfg = Debug|Any CPU
		{FC88A981-1ADA-4F68-98F1-3E0877A1D134}.Debug|Any CPU.Build.0 = Debug|Any CPU
		{FC88A981-1ADA-4F68-98F1-3E0877A1D134}.Release|Any CPU.ActiveCfg = Release|Any CPU
		{FC88A981-1ADA-4F68-98F1-3E0877A1D134}.Release|Any CPU.Build.0 = Release|Any CPU
	EndGlobalSection
	GlobalSection(SolutionProperties) = preSolution
		HideSolutionNode = FALSE
	EndGlobalSection
EndGlobal
